
Microsoft Visual Studio Solution File, Format Version 12.00
# Visual Studio Version 17
VisualStudioVersion = 17.11.35222.181
MinimumVisualStudioVersion = 10.0.40219.1
Project("{2150E333-8FDC-42A3-9474-1A3956D46DE8}") = "Task0", "Task0", "{1D9C0F88-91C8-49E7-B2EF-82292BEC05EC}"
EndProject
Project("{FAE04EC0-301F-11D3-BF4B-00C04F79EFBC}") = "Tyuiu.IvanovPG.Sprint3.Task0.V11", "Tyuiu.IvanovPG.Sprint3.Task0.V11\Tyuiu.IvanovPG.Sprint3.Task0.V11.csproj", "{27297664-3278-4FFA-AFB9-78B1820D6A22}"
EndProject
Project("{FAE04EC0-301F-11D3-BF4B-00C04F79EFBC}") = "Tyuiu.IvanovPG.Sprint3.Task0.V11.Lib", "Tyuiu.IvanovPG.Sprint3.Task0.V11.Lib\Tyuiu.IvanovPG.Sprint3.Task0.V11.Lib.csproj", "{23440ED8-C027-4CEA-9C39-87A913E10580}"
EndProject
Project("{FAE04EC0-301F-11D3-BF4B-00C04F79EFBC}") = "Tyuiu.IvanovPG.Sprint3.Task0.V11.Test", "Tyuiu.IvanovPG.Sprint3.Task0.V11.Test\Tyuiu.IvanovPG.Sprint3.Task0.V11.Test.csproj", "{74BA7AB2-E060-4C77-8FDF-03D8EB93FFD5}"
EndProject
Project("{2150E333-8FDC-42A3-9474-1A3956D46DE8}") = "Task1", "Task1", "{5118C854-4F0F-4B0C-A8C8-800975A34A18}"
EndProject
Project("{FAE04EC0-301F-11D3-BF4B-00C04F79EFBC}") = "Tyuiu.IvanovPG.Sprint3.Task1.V28", "Tyuiu.IvanovPG.Sprint3.Task1.V28\Tyuiu.IvanovPG.Sprint3.Task1.V28.csproj", "{1403FEAE-2C6B-4BE2-9E85-4A0FDA1776BA}"
EndProject
Project("{FAE04EC0-301F-11D3-BF4B-00C04F79EFBC}") = "Tyuiu.IvanovPG.Sprint3.Task1.V28.Lib", "Tyuiu.IvanovPG.Sprint3.Task1.V28.Lib\Tyuiu.IvanovPG.Sprint3.Task1.V28.Lib.csproj", "{F54CEBDF-0EAB-4B9B-8C69-71032BB0BDE0}"
EndProject
Project("{FAE04EC0-301F-11D3-BF4B-00C04F79EFBC}") = "Tyuiu.IvanovPG.Sprint3.Task1.V28.Test", "Tyuiu.IvanovPG.Sprint3.Task1.V28.Test\Tyuiu.IvanovPG.Sprint3.Task1.V28.Test.csproj", "{57FFBEA8-F849-4530-8527-784ACD01A8B6}"
EndProject
Global
	GlobalSection(SolutionConfigurationPlatforms) = preSolution
		Debug|Any CPU = Debug|Any CPU
		Release|Any CPU = Release|Any CPU
	EndGlobalSection
	GlobalSection(ProjectConfigurationPlatforms) = postSolution
		{27297664-3278-4FFA-AFB9-78B1820D6A22}.Debug|Any CPU.ActiveCfg = Debug|Any CPU
		{27297664-3278-4FFA-AFB9-78B1820D6A22}.Debug|Any CPU.Build.0 = Debug|Any CPU
		{27297664-3278-4FFA-AFB9-78B1820D6A22}.Release|Any CPU.ActiveCfg = Release|Any CPU
		{27297664-3278-4FFA-AFB9-78B1820D6A22}.Release|Any CPU.Build.0 = Release|Any CPU
		{23440ED8-C027-4CEA-9C39-87A913E10580}.Debug|Any CPU.ActiveCfg = Debug|Any CPU
		{23440ED8-C027-4CEA-9C39-87A913E10580}.Debug|Any CPU.Build.0 = Debug|Any CPU
		{23440ED8-C027-4CEA-9C39-87A913E10580}.Release|Any CPU.ActiveCfg = Release|Any CPU
		{23440ED8-C027-4CEA-9C39-87A913E10580}.Release|Any CPU.Build.0 = Release|Any CPU
		{74BA7AB2-E060-4C77-8FDF-03D8EB93FFD5}.Debug|Any CPU.ActiveCfg = Debug|Any CPU
		{74BA7AB2-E060-4C77-8FDF-03D8EB93FFD5}.Debug|Any CPU.Build.0 = Debug|Any CPU
		{74BA7AB2-E060-4C77-8FDF-03D8EB93FFD5}.Release|Any CPU.ActiveCfg = Release|Any CPU
		{74BA7AB2-E060-4C77-8FDF-03D8EB93FFD5}.Release|Any CPU.Build.0 = Release|Any CPU
		{1403FEAE-2C6B-4BE2-9E85-4A0FDA1776BA}.Debug|Any CPU.ActiveCfg = Debug|Any CPU
		{1403FEAE-2C6B-4BE2-9E85-4A0FDA1776BA}.Debug|Any CPU.Build.0 = Debug|Any CPU
		{1403FEAE-2C6B-4BE2-9E85-4A0FDA1776BA}.Release|Any CPU.ActiveCfg = Release|Any CPU
		{1403FEAE-2C6B-4BE2-9E85-4A0FDA1776BA}.Release|Any CPU.Build.0 = Release|Any CPU
		{F54CEBDF-0EAB-4B9B-8C69-71032BB0BDE0}.Debug|Any CPU.ActiveCfg = Debug|Any CPU
		{F54CEBDF-0EAB-4B9B-8C69-71032BB0BDE0}.Debug|Any CPU.Build.0 = Debug|Any CPU
		{F54CEBDF-0EAB-4B9B-8C69-71032BB0BDE0}.Release|Any CPU.ActiveCfg = Release|Any CPU
		{F54CEBDF-0EAB-4B9B-8C69-71032BB0BDE0}.Release|Any CPU.Build.0 = Release|Any CPU
		{57FFBEA8-F849-4530-8527-784ACD01A8B6}.Debug|Any CPU.ActiveCfg = Debug|Any CPU
		{57FFBEA8-F849-4530-8527-784ACD01A8B6}.Debug|Any CPU.Build.0 = Debug|Any CPU
		{57FFBEA8-F849-4530-8527-784ACD01A8B6}.Release|Any CPU.ActiveCfg = Release|Any CPU
		{57FFBEA8-F849-4530-8527-784ACD01A8B6}.Release|Any CPU.Build.0 = Release|Any CPU
	EndGlobalSection
	GlobalSection(SolutionProperties) = preSolution
		HideSolutionNode = FALSE
	EndGlobalSection
	GlobalSection(NestedProjects) = preSolution
		{27297664-3278-4FFA-AFB9-78B1820D6A22} = {1D9C0F88-91C8-49E7-B2EF-82292BEC05EC}
		{23440ED8-C027-4CEA-9C39-87A913E10580} = {1D9C0F88-91C8-49E7-B2EF-82292BEC05EC}
		{74BA7AB2-E060-4C77-8FDF-03D8EB93FFD5} = {1D9C0F88-91C8-49E7-B2EF-82292BEC05EC}
		{1403FEAE-2C6B-4BE2-9E85-4A0FDA1776BA} = {5118C854-4F0F-4B0C-A8C8-800975A34A18}
		{F54CEBDF-0EAB-4B9B-8C69-71032BB0BDE0} = {5118C854-4F0F-4B0C-A8C8-800975A34A18}
		{57FFBEA8-F849-4530-8527-784ACD01A8B6} = {5118C854-4F0F-4B0C-A8C8-800975A34A18}
	EndGlobalSection
	GlobalSection(ExtensibilityGlobals) = postSolution
		SolutionGuid = {4F3C7514-01EE-4DC0-A8C1-869946F597BD}
	EndGlobalSection
EndGlobal
